# This file is automatically @generated by Cargo.
# It is not intended for manual editing.
version = 3

[[package]]
name = "aho-corasick"
version = "1.1.3"
source = "registry+https://github.com/rust-lang/crates.io-index"
checksum = "8e60d3430d3a69478ad0993f19238d2df97c507009a52b3c10addcd7f6bcb916"
dependencies = [
 "memchr",
]

[[package]]
name = "anyhow"
version = "1.0.93"
source = "registry+https://github.com/rust-lang/crates.io-index"
checksum = "4c95c10ba0b00a02636238b814946408b1322d5ac4760326e6fb8ec956d85775"

[[package]]
name = "bumpalo"
version = "3.16.0"
source = "registry+https://github.com/rust-lang/crates.io-index"
checksum = "79296716171880943b8470b5f8d03aa55eb2e645a4874bdbb28adb49162e012c"

[[package]]
name = "cfg-if"
version = "1.0.0"
source = "registry+https://github.com/rust-lang/crates.io-index"
checksum = "baf1de4339761588bc0619e3cbc0120ee582ebb74b53b4efbf79117bd2da40fd"

[[package]]
name = "console_error_panic_hook"
version = "0.1.7"
source = "registry+https://github.com/rust-lang/crates.io-index"
checksum = "a06aeb73f470f66dcdbf7223caeebb85984942f22f1adb2a088cf9668146bbbc"
dependencies = [
 "cfg-if",
 "wasm-bindgen",
]

[[package]]
name = "console_log"
version = "0.2.2"
source = "registry+https://github.com/rust-lang/crates.io-index"
checksum = "e89f72f65e8501878b8a004d5a1afb780987e2ce2b4532c562e367a72c57499f"
dependencies = [
 "log",
 "web-sys",
]

[[package]]
name = "day_01"
version = "0.1.0"
dependencies = [
 "prelude 0.1.0",
]

[[package]]
name = "day_02"
version = "0.1.0"
dependencies = [
 "prelude 0.1.0",
]

[[package]]
name = "day_03"
version = "0.1.0"
dependencies = [
 "prelude 0.1.0",
]

[[package]]
name = "day_04"
version = "0.1.0"
dependencies = [
 "prelude 0.1.0",
]

[[package]]
name = "day_05"
version = "0.1.0"
dependencies = [
 "prelude 0.1.0",
]

[[package]]
name = "day_06"
version = "0.1.0"
dependencies = [
 "prelude 0.1.0",
]

[[package]]
name = "day_07"
version = "0.1.0"
dependencies = [
 "prelude 0.1.0",
]

[[package]]
name = "day_08"
version = "0.1.0"
dependencies = [
 "prelude 0.1.0",
 "rational",
]

[[package]]
name = "day_09"
version = "0.1.0"
dependencies = [
 "prelude 0.1.0",
]

[[package]]
name = "day_10"
version = "0.1.0"
dependencies = [
 "petgraph",
 "prelude 0.1.0",
]

[[package]]
name = "day_11"
version = "0.1.0"
dependencies = [
 "prelude 0.1.0",
]

[[package]]
name = "day_12"
version = "0.1.0"
dependencies = [
 "prelude 0.1.0",
]

[[package]]
name = "day_13"
version = "0.1.0"
dependencies = [
 "prelude 0.1.0",
 "rational",
]

[[package]]
name = "day_14"
version = "0.1.0"
dependencies = [
 "prelude 0.1.0",
]

[[package]]
name = "day_15"
version = "0.1.0"
dependencies = [
 "prelude 0.1.0",
]

[[package]]
name = "either"
version = "1.13.0"
source = "registry+https://github.com/rust-lang/crates.io-index"
checksum = "60b1af1c220855b6ceac025d3f6ecdd2b7c4894bfe9cd9bda4fbb4bc7c0d4cf0"

[[package]]
name = "equivalent"
version = "1.0.1"
source = "registry+https://github.com/rust-lang/crates.io-index"
checksum = "5443807d6dff69373d433ab9ef5378ad8df50ca6298caf15de6e52e24aaf54d5"

[[package]]
name = "fixedbitset"
version = "0.4.2"
source = "registry+https://github.com/rust-lang/crates.io-index"
checksum = "0ce7134b9999ecaf8bcd65542e436736ef32ddca1b3e06094cb6ec5755203b80"

[[package]]
name = "hashbrown"
version = "0.15.2"
source = "registry+https://github.com/rust-lang/crates.io-index"
checksum = "bf151400ff0baff5465007dd2f3e717f3fe502074ca563069ce3a6629d07b289"

[[package]]
name = "indexmap"
version = "2.7.0"
source = "registry+https://github.com/rust-lang/crates.io-index"
checksum = "62f822373a4fe84d4bb149bf54e584a7f4abec90e072ed49cda0edea5b95471f"
dependencies = [
 "equivalent",
 "hashbrown",
]

[[package]]
name = "itertools"
version = "0.10.5"
source = "registry+https://github.com/rust-lang/crates.io-index"
checksum = "b0fd2260e829bddf4cb6ea802289de2f86d6a7a690192fbe91b3f46e0f2c8473"
dependencies = [
 "either",
]

[[package]]
name = "js-sys"
version = "0.3.74"
source = "registry+https://github.com/rust-lang/crates.io-index"
checksum = "a865e038f7f6ed956f788f0d7d60c541fff74c7bd74272c5d4cf15c63743e705"
dependencies = [
 "once_cell",
 "wasm-bindgen",
]

[[package]]
name = "log"
version = "0.4.22"
source = "registry+https://github.com/rust-lang/crates.io-index"
checksum = "a7a70ba024b9dc04c27ea2f0c0548feb474ec5c54bba33a7f72f873a39d07b24"

[[package]]
name = "memchr"
version = "2.7.4"
source = "registry+https://github.com/rust-lang/crates.io-index"
checksum = "78ca9ab1a0babb1e7d5695e3530886289c18cf2f87ec19a575a0abdce112e3a3"

[[package]]
name = "once_cell"
version = "1.20.2"
source = "registry+https://github.com/rust-lang/crates.io-index"
checksum = "1261fe7e33c73b354eab43b1273a57c8f967d0391e80353e51f764ac02cf6775"

[[package]]
name = "petgraph"
version = "0.6.5"
source = "registry+https://github.com/rust-lang/crates.io-index"
checksum = "b4c5cc86750666a3ed20bdaf5ca2a0344f9c67674cae0515bec2da16fbaa47db"
dependencies = [
 "fixedbitset",
 "indexmap",
]

[[package]]
name = "prelude"
version = "0.1.0"
dependencies = [
 "prelude 0.1.0 (git+https://github.com/mokomull/adventofcode_2023)",
]

[[package]]
name = "prelude"
version = "0.1.0"
source = "git+https://github.com/mokomull/adventofcode_2020#eeb59be16f5e20ac3e0ec14c9646b11319b5558c"
dependencies = [
 "itertools",
 "regex",
]

[[package]]
name = "prelude"
version = "0.1.0"
source = "git+https://github.com/mokomull/adventofcode_2021#c64dcc8c7f77102b16afabac6c10ce9039763d6d"
dependencies = [
 "prelude 0.1.0 (git+https://github.com/mokomull/adventofcode_2020)",
]

[[package]]
name = "prelude"
version = "0.1.0"
source = "git+https://github.com/mokomull/adventofcode_2022#921edde77a6301ba4b143fb83c937829bccd7a2a"
dependencies = [
 "console_error_panic_hook",
 "console_log",
 "log",
 "prelude 0.1.0 (git+https://github.com/mokomull/adventofcode_2021)",
]

[[package]]
name = "prelude"
version = "0.1.0"
source = "git+https://github.com/mokomull/adventofcode_2023#eee2eb534fbecfbc7de00988fbb6b600f2ab5063"
dependencies = [
 "anyhow",
 "prelude 0.1.0 (git+https://github.com/mokomull/adventofcode_2022)",
]

[[package]]
name = "proc-macro2"
version = "1.0.92"
source = "registry+https://github.com/rust-lang/crates.io-index"
checksum = "37d3544b3f2748c54e147655edb5025752e2303145b5aefb3c3ea2c78b973bb0"
dependencies = [
 "unicode-ident",
]

[[package]]
name = "quote"
version = "1.0.37"
source = "registry+https://github.com/rust-lang/crates.io-index"
checksum = "b5b9d34b8991d19d98081b46eacdd8eb58c6f2b201139f7c5f643cc155a633af"
dependencies = [
 "proc-macro2",
]

[[package]]
name = "rational"
version = "1.6.0"
source = "registry+https://github.com/rust-lang/crates.io-index"
checksum = "117b580236885b73c6eaf40e38c9629153f70200ac28ae35347a2cb750ce9442"

[[package]]
name = "regex"
version = "1.11.1"
source = "registry+https://github.com/rust-lang/crates.io-index"
checksum = "b544ef1b4eac5dc2db33ea63606ae9ffcfac26c1416a2806ae0bf5f56b201191"
dependencies = [
 "aho-corasick",
 "memchr",
 "regex-automata",
 "regex-syntax",
]

[[package]]
name = "regex-automata"
version = "0.4.9"
source = "registry+https://github.com/rust-lang/crates.io-index"
checksum = "809e8dc61f6de73b46c85f4c96486310fe304c434cfa43669d7b40f711150908"
dependencies = [
 "aho-corasick",
 "memchr",
 "regex-syntax",
]

[[package]]
name = "regex-syntax"
version = "0.8.5"
source = "registry+https://github.com/rust-lang/crates.io-index"
checksum = "2b15c43186be67a4fd63bee50d0303afffcef381492ebe2c5d87f324e1b8815c"

[[package]]
name = "syn"
version = "2.0.90"
source = "registry+https://github.com/rust-lang/crates.io-index"
checksum = "919d3b74a5dd0ccd15aeb8f93e7006bd9e14c295087c9896a110f490752bcf31"
dependencies = [
 "proc-macro2",
 "quote",
 "unicode-ident",
]

[[package]]
name = "unicode-ident"
version = "1.0.14"
source = "registry+https://github.com/rust-lang/crates.io-index"
checksum = "adb9e6ca4f869e1180728b7950e35922a7fc6397f7b641499e8f3ef06e50dc83"

[[package]]
name = "wasm-bindgen"
version = "0.2.97"
source = "registry+https://github.com/rust-lang/crates.io-index"
checksum = "d15e63b4482863c109d70a7b8706c1e364eb6ea449b201a76c5b89cedcec2d5c"
dependencies = [
 "cfg-if",
 "once_cell",
 "wasm-bindgen-macro",
]

[[package]]
name = "wasm-bindgen-backend"
version = "0.2.97"
source = "registry+https://github.com/rust-lang/crates.io-index"
checksum = "8d36ef12e3aaca16ddd3f67922bc63e48e953f126de60bd33ccc0101ef9998cd"
dependencies = [
 "bumpalo",
 "log",
 "once_cell",
 "proc-macro2",
 "quote",
 "syn",
 "wasm-bindgen-shared",
]

[[package]]
name = "wasm-bindgen-macro"
version = "0.2.97"
source = "registry+https://github.com/rust-lang/crates.io-index"
checksum = "705440e08b42d3e4b36de7d66c944be628d579796b8090bfa3471478a2260051"
dependencies = [
 "quote",
 "wasm-bindgen-macro-support",
]

[[package]]
name = "wasm-bindgen-macro-support"
version = "0.2.97"
source = "registry+https://github.com/rust-lang/crates.io-index"
checksum = "98c9ae5a76e46f4deecd0f0255cc223cfa18dc9b261213b8aa0c7b36f61b3f1d"
dependencies = [
 "proc-macro2",
 "quote",
 "syn",
 "wasm-bindgen-backend",
 "wasm-bindgen-shared",
]

[[package]]
name = "wasm-bindgen-shared"
version = "0.2.97"
source = "registry+https://github.com/rust-lang/crates.io-index"
checksum = "6ee99da9c5ba11bd675621338ef6fa52296b76b83305e9b6e5c77d4c286d6d49"

[[package]]
name = "web-sys"
version = "0.3.74"
source = "registry+https://github.com/rust-lang/crates.io-index"
checksum = "a98bc3c33f0fe7e59ad7cd041b89034fa82a7c2d4365ca538dda6cdaf513863c"
dependencies = [
 "js-sys",
 "wasm-bindgen",
]
